
Microsoft Visual Studio Solution File, Format Version 12.00
# Visual Studio Version 16
VisualStudioVersion = 16.0.30114.105
MinimumVisualStudioVersion = 10.0.40219.1
Project("{9A19103F-16F7-4668-BE54-9A1E7A4F7556}") = "Persistencia", "Persistencia\Persistencia.csproj", "{C5E71B5D-159E-4DA5-A0DA-E7BF1A74612A}"
EndProject
Project("{9A19103F-16F7-4668-BE54-9A1E7A4F7556}") = "Dominio", "Dominio\Dominio.csproj", "{A8ABFC5F-7DCF-40AF-A663-9F490B3E1792}"
EndProject
Project("{9A19103F-16F7-4668-BE54-9A1E7A4F7556}") = "Aplicacion", "Aplicacion\Aplicacion.csproj", "{19ADE5F7-DA99-4B90-B935-EE7820B5C880}"
EndProject
Project("{9A19103F-16F7-4668-BE54-9A1E7A4F7556}") = "WebAPI", "WebAPI\WebAPI.csproj", "{3AF55FE0-DD2F-4DCB-959A-50DBD01E20F4}"
	ProjectSection(ProjectDependencies) = postProject
		{19ADE5F7-DA99-4B90-B935-EE7820B5C880} = {19ADE5F7-DA99-4B90-B935-EE7820B5C880}
	EndProjectSection
EndProject
Project("{FAE04EC0-301F-11D3-BF4B-00C04F79EFBC}") = "Security", "Security\Security.csproj", "{233944E4-FD62-4B73-A8A6-45144EB4FB7C}"
EndProject
Global
	GlobalSection(SolutionConfigurationPlatforms) = preSolution
		Debug|Any CPU = Debug|Any CPU
		Release|Any CPU = Release|Any CPU
	EndGlobalSection
	GlobalSection(ProjectConfigurationPlatforms) = postSolution
		{C5E71B5D-159E-4DA5-A0DA-E7BF1A74612A}.Debug|Any CPU.ActiveCfg = Debug|Any CPU
		{C5E71B5D-159E-4DA5-A0DA-E7BF1A74612A}.Debug|Any CPU.Build.0 = Debug|Any CPU
		{C5E71B5D-159E-4DA5-A0DA-E7BF1A74612A}.Release|Any CPU.ActiveCfg = Release|Any CPU
		{C5E71B5D-159E-4DA5-A0DA-E7BF1A74612A}.Release|Any CPU.Build.0 = Release|Any CPU
		{A8ABFC5F-7DCF-40AF-A663-9F490B3E1792}.Debug|Any CPU.ActiveCfg = Debug|Any CPU
		{A8ABFC5F-7DCF-40AF-A663-9F490B3E1792}.Debug|Any CPU.Build.0 = Debug|Any CPU
		{A8ABFC5F-7DCF-40AF-A663-9F490B3E1792}.Release|Any CPU.ActiveCfg = Release|Any CPU
		{A8ABFC5F-7DCF-40AF-A663-9F490B3E1792}.Release|Any CPU.Build.0 = Release|Any CPU
		{19ADE5F7-DA99-4B90-B935-EE7820B5C880}.Debug|Any CPU.ActiveCfg = Debug|Any CPU
		{19ADE5F7-DA99-4B90-B935-EE7820B5C880}.Debug|Any CPU.Build.0 = Debug|Any CPU
		{19ADE5F7-DA99-4B90-B935-EE7820B5C880}.Release|Any CPU.ActiveCfg = Release|Any CPU
		{19ADE5F7-DA99-4B90-B935-EE7820B5C880}.Release|Any CPU.Build.0 = Release|Any CPU
		{3AF55FE0-DD2F-4DCB-959A-50DBD01E20F4}.Debug|Any CPU.ActiveCfg = Debug|Any CPU
		{3AF55FE0-DD2F-4DCB-959A-50DBD01E20F4}.Debug|Any CPU.Build.0 = Debug|Any CPU
		{3AF55FE0-DD2F-4DCB-959A-50DBD01E20F4}.Release|Any CPU.ActiveCfg = Release|Any CPU
		{3AF55FE0-DD2F-4DCB-959A-50DBD01E20F4}.Release|Any CPU.Build.0 = Release|Any CPU
		{233944E4-FD62-4B73-A8A6-45144EB4FB7C}.Debug|Any CPU.ActiveCfg = Debug|Any CPU
		{233944E4-FD62-4B73-A8A6-45144EB4FB7C}.Debug|Any CPU.Build.0 = Debug|Any CPU
		{233944E4-FD62-4B73-A8A6-45144EB4FB7C}.Release|Any CPU.ActiveCfg = Release|Any CPU
		{233944E4-FD62-4B73-A8A6-45144EB4FB7C}.Release|Any CPU.Build.0 = Release|Any CPU
	EndGlobalSection
	GlobalSection(SolutionProperties) = preSolution
		HideSolutionNode = FALSE
	EndGlobalSection
	GlobalSection(ExtensibilityGlobals) = postSolution
		SolutionGuid = {F9739F22-BCED-4180-8858-58C5B9E1F8A4}
	EndGlobalSection
EndGlobal
