
Microsoft Visual Studio Solution File, Format Version 12.00
# Visual Studio Version 16
VisualStudioVersion = 16.0.30114.105
MinimumVisualStudioVersion = 10.0.40219.1
Project("{9A19103F-16F7-4668-BE54-9A1E7A4F7556}") = "WebAPI", "WebAPI\WebAPI.csproj", "{3AF55FE0-DD2F-4DCB-959A-50DBD01E20F4}"
EndProject
Project("{9A19103F-16F7-4668-BE54-9A1E7A4F7556}") = "Security", "Security\Security.csproj", "{233944E4-FD62-4B73-A8A6-45144EB4FB7C}"
EndProject
Project("{9A19103F-16F7-4668-BE54-9A1E7A4F7556}") = "Application", "Application\Application.csproj", "{26F2FFA4-D33F-4371-9426-6D59F06A9AB7}"
EndProject
Project("{9A19103F-16F7-4668-BE54-9A1E7A4F7556}") = "Domain", "Domain\Domain.csproj", "{09BCAC83-2DCE-4C46-92E0-DEDA4702C12A}"
EndProject
Project("{9A19103F-16F7-4668-BE54-9A1E7A4F7556}") = "Persistence", "Persistence\Persistence.csproj", "{80EFEEF1-811E-4810-888F-5EE03DB2B8D9}"
EndProject
Global
	GlobalSection(SolutionConfigurationPlatforms) = preSolution
		Debug|Any CPU = Debug|Any CPU
		Release|Any CPU = Release|Any CPU
	EndGlobalSection
	GlobalSection(ProjectConfigurationPlatforms) = postSolution
		{3AF55FE0-DD2F-4DCB-959A-50DBD01E20F4}.Debug|Any CPU.ActiveCfg = Debug|Any CPU
		{3AF55FE0-DD2F-4DCB-959A-50DBD01E20F4}.Debug|Any CPU.Build.0 = Debug|Any CPU
		{3AF55FE0-DD2F-4DCB-959A-50DBD01E20F4}.Release|Any CPU.ActiveCfg = Release|Any CPU
		{3AF55FE0-DD2F-4DCB-959A-50DBD01E20F4}.Release|Any CPU.Build.0 = Release|Any CPU
		{233944E4-FD62-4B73-A8A6-45144EB4FB7C}.Debug|Any CPU.ActiveCfg = Debug|Any CPU
		{233944E4-FD62-4B73-A8A6-45144EB4FB7C}.Debug|Any CPU.Build.0 = Debug|Any CPU
		{233944E4-FD62-4B73-A8A6-45144EB4FB7C}.Release|Any CPU.ActiveCfg = Release|Any CPU
		{233944E4-FD62-4B73-A8A6-45144EB4FB7C}.Release|Any CPU.Build.0 = Release|Any CPU
		{26F2FFA4-D33F-4371-9426-6D59F06A9AB7}.Debug|Any CPU.ActiveCfg = Debug|Any CPU
		{26F2FFA4-D33F-4371-9426-6D59F06A9AB7}.Debug|Any CPU.Build.0 = Debug|Any CPU
		{26F2FFA4-D33F-4371-9426-6D59F06A9AB7}.Release|Any CPU.ActiveCfg = Release|Any CPU
		{26F2FFA4-D33F-4371-9426-6D59F06A9AB7}.Release|Any CPU.Build.0 = Release|Any CPU
		{09BCAC83-2DCE-4C46-92E0-DEDA4702C12A}.Debug|Any CPU.ActiveCfg = Debug|Any CPU
		{09BCAC83-2DCE-4C46-92E0-DEDA4702C12A}.Debug|Any CPU.Build.0 = Debug|Any CPU
		{09BCAC83-2DCE-4C46-92E0-DEDA4702C12A}.Release|Any CPU.ActiveCfg = Release|Any CPU
		{09BCAC83-2DCE-4C46-92E0-DEDA4702C12A}.Release|Any CPU.Build.0 = Release|Any CPU
		{80EFEEF1-811E-4810-888F-5EE03DB2B8D9}.Debug|Any CPU.ActiveCfg = Debug|Any CPU
		{80EFEEF1-811E-4810-888F-5EE03DB2B8D9}.Debug|Any CPU.Build.0 = Debug|Any CPU
		{80EFEEF1-811E-4810-888F-5EE03DB2B8D9}.Release|Any CPU.ActiveCfg = Release|Any CPU
		{80EFEEF1-811E-4810-888F-5EE03DB2B8D9}.Release|Any CPU.Build.0 = Release|Any CPU
	EndGlobalSection
	GlobalSection(SolutionProperties) = preSolution
		HideSolutionNode = FALSE
	EndGlobalSection
	GlobalSection(ExtensibilityGlobals) = postSolution
		SolutionGuid = {F9739F22-BCED-4180-8858-58C5B9E1F8A4}
	EndGlobalSection
EndGlobal
